{
  "nodes": {
    "flake-utils": {
      "locked": {
        "lastModified": 1600209923,
        "narHash": "sha256-zoOWauTliFEjI++esk6Jzk7QO5EKpddWXQm9yQK24iM=",
        "owner": "numtide",
        "repo": "flake-utils",
        "rev": "3cd06d3c1df6879c9e41cb2c33113df10566c760",
        "type": "github"
      },
      "original": {
        "owner": "numtide",
        "repo": "flake-utils",
        "type": "github"
      }
    },
    "naersk": {
      "inputs": {
        "nixpkgs": [
          "nixpkgs"
        ]
      },
      "locked": {
        "lastModified": 1597138680,
        "narHash": "sha256-3pDN/W17wjVDbrkgo60xQSb24+QAPQ7ulsUq5atNni0=",
        "owner": "nmattia",
        "repo": "naersk",
        "rev": "529e910a3f423a8211f8739290014b754b2555b6",
        "type": "github"
      },
      "original": {
        "owner": "nmattia",
        "repo": "naersk",
        "type": "github"
      }
    },
    "nixpkgs": {
      "locked": {
        "lastModified": 1600419171,
        "narHash": "sha256-IN9fAah/ZMA1klQO3NLyff5XOaft4OwKKMEXvuO27AA=",
        "path": "/nix/store/brdrs4v9hvvwvklgnc67l7vqmgd7fzl1-source",
        "rev": "be92e21e2519143f8c6ea70fa8052deff5126ce5",
        "type": "path"
      },
      "original": {
        "id": "nixpkgs",
        "type": "indirect"
      }
    },
    "root": {
      "inputs": {
        "flake-utils": "flake-utils",
        "naersk": "naersk",
        "nixpkgs": "nixpkgs"
      }
    }
  },
  "root": "root",
  "version": 7
}
